
Microsoft Visual Studio Solution File, Format Version 12.00
# Visual Studio Version 16
VisualStudioVersion = 16.0.30114.105
MinimumVisualStudioVersion = 10.0.40219.1
Project("{FAE04EC0-301F-11D3-BF4B-00C04F79EFBC}") = "API", "API\API.csproj", "{14EF75EF-9C03-4128-888B-A802DBFF421A}"
EndProject
Project("{FAE04EC0-301F-11D3-BF4B-00C04F79EFBC}") = "Application", "Application\Application.csproj", "{C2A3BF76-8FDB-44D1-B5CF-697BFB9EE9F1}"
EndProject
Project("{FAE04EC0-301F-11D3-BF4B-00C04F79EFBC}") = "Domain", "Domain\Domain.csproj", "{82699AE2-5B0F-4F92-8A69-D92A4DCA3F8D}"
EndProject
Project("{FAE04EC0-301F-11D3-BF4B-00C04F79EFBC}") = "Persistence", "Persistence\Persistence.csproj", "{1A3A111D-39F1-4912-8972-27834E9EEFC5}"
EndProject
Global
	GlobalSection(SolutionConfigurationPlatforms) = preSolution
		Debug|Any CPU = Debug|Any CPU
		Debug|x64 = Debug|x64
		Debug|x86 = Debug|x86
		Release|Any CPU = Release|Any CPU
		Release|x64 = Release|x64
		Release|x86 = Release|x86
	EndGlobalSection
	GlobalSection(SolutionProperties) = preSolution
		HideSolutionNode = FALSE
	EndGlobalSection
	GlobalSection(ProjectConfigurationPlatforms) = postSolution
		{14EF75EF-9C03-4128-888B-A802DBFF421A}.Debug|Any CPU.ActiveCfg = Debug|Any CPU
		{14EF75EF-9C03-4128-888B-A802DBFF421A}.Debug|Any CPU.Build.0 = Debug|Any CPU
		{14EF75EF-9C03-4128-888B-A802DBFF421A}.Debug|x64.ActiveCfg = Debug|Any CPU
		{14EF75EF-9C03-4128-888B-A802DBFF421A}.Debug|x64.Build.0 = Debug|Any CPU
		{14EF75EF-9C03-4128-888B-A802DBFF421A}.Debug|x86.ActiveCfg = Debug|Any CPU
		{14EF75EF-9C03-4128-888B-A802DBFF421A}.Debug|x86.Build.0 = Debug|Any CPU
		{14EF75EF-9C03-4128-888B-A802DBFF421A}.Release|Any CPU.ActiveCfg = Release|Any CPU
		{14EF75EF-9C03-4128-888B-A802DBFF421A}.Release|Any CPU.Build.0 = Release|Any CPU
		{14EF75EF-9C03-4128-888B-A802DBFF421A}.Release|x64.ActiveCfg = Release|Any CPU
		{14EF75EF-9C03-4128-888B-A802DBFF421A}.Release|x64.Build.0 = Release|Any CPU
		{14EF75EF-9C03-4128-888B-A802DBFF421A}.Release|x86.ActiveCfg = Release|Any CPU
		{14EF75EF-9C03-4128-888B-A802DBFF421A}.Release|x86.Build.0 = Release|Any CPU
		{C2A3BF76-8FDB-44D1-B5CF-697BFB9EE9F1}.Debug|Any CPU.ActiveCfg = Debug|Any CPU
		{C2A3BF76-8FDB-44D1-B5CF-697BFB9EE9F1}.Debug|Any CPU.Build.0 = Debug|Any CPU
		{C2A3BF76-8FDB-44D1-B5CF-697BFB9EE9F1}.Debug|x64.ActiveCfg = Debug|Any CPU
		{C2A3BF76-8FDB-44D1-B5CF-697BFB9EE9F1}.Debug|x64.Build.0 = Debug|Any CPU
		{C2A3BF76-8FDB-44D1-B5CF-697BFB9EE9F1}.Debug|x86.ActiveCfg = Debug|Any CPU
		{C2A3BF76-8FDB-44D1-B5CF-697BFB9EE9F1}.Debug|x86.Build.0 = Debug|Any CPU
		{C2A3BF76-8FDB-44D1-B5CF-697BFB9EE9F1}.Release|Any CPU.ActiveCfg = Release|Any CPU
		{C2A3BF76-8FDB-44D1-B5CF-697BFB9EE9F1}.Release|Any CPU.Build.0 = Release|Any CPU
		{C2A3BF76-8FDB-44D1-B5CF-697BFB9EE9F1}.Release|x64.ActiveCfg = Release|Any CPU
		{C2A3BF76-8FDB-44D1-B5CF-697BFB9EE9F1}.Release|x64.Build.0 = Release|Any CPU
		{C2A3BF76-8FDB-44D1-B5CF-697BFB9EE9F1}.Release|x86.ActiveCfg = Release|Any CPU
		{C2A3BF76-8FDB-44D1-B5CF-697BFB9EE9F1}.Release|x86.Build.0 = Release|Any CPU
		{82699AE2-5B0F-4F92-8A69-D92A4DCA3F8D}.Debug|Any CPU.ActiveCfg = Debug|Any CPU
		{82699AE2-5B0F-4F92-8A69-D92A4DCA3F8D}.Debug|Any CPU.Build.0 = Debug|Any CPU
		{82699AE2-5B0F-4F92-8A69-D92A4DCA3F8D}.Debug|x64.ActiveCfg = Debug|Any CPU
		{82699AE2-5B0F-4F92-8A69-D92A4DCA3F8D}.Debug|x64.Build.0 = Debug|Any CPU
		{82699AE2-5B0F-4F92-8A69-D92A4DCA3F8D}.Debug|x86.ActiveCfg = Debug|Any CPU
		{82699AE2-5B0F-4F92-8A69-D92A4DCA3F8D}.Debug|x86.Build.0 = Debug|Any CPU
		{82699AE2-5B0F-4F92-8A69-D92A4DCA3F8D}.Release|Any CPU.ActiveCfg = Release|Any CPU
		{82699AE2-5B0F-4F92-8A69-D92A4DCA3F8D}.Release|Any CPU.Build.0 = Release|Any CPU
		{82699AE2-5B0F-4F92-8A69-D92A4DCA3F8D}.Release|x64.ActiveCfg = Release|Any CPU
		{82699AE2-5B0F-4F92-8A69-D92A4DCA3F8D}.Release|x64.Build.0 = Release|Any CPU
		{82699AE2-5B0F-4F92-8A69-D92A4DCA3F8D}.Release|x86.ActiveCfg = Release|Any CPU
		{82699AE2-5B0F-4F92-8A69-D92A4DCA3F8D}.Release|x86.Build.0 = Release|Any CPU
		{1A3A111D-39F1-4912-8972-27834E9EEFC5}.Debug|Any CPU.ActiveCfg = Debug|Any CPU
		{1A3A111D-39F1-4912-8972-27834E9EEFC5}.Debug|Any CPU.Build.0 = Debug|Any CPU
		{1A3A111D-39F1-4912-8972-27834E9EEFC5}.Debug|x64.ActiveCfg = Debug|Any CPU
		{1A3A111D-39F1-4912-8972-27834E9EEFC5}.Debug|x64.Build.0 = Debug|Any CPU
		{1A3A111D-39F1-4912-8972-27834E9EEFC5}.Debug|x86.ActiveCfg = Debug|Any CPU
		{1A3A111D-39F1-4912-8972-27834E9EEFC5}.Debug|x86.Build.0 = Debug|Any CPU
		{1A3A111D-39F1-4912-8972-27834E9EEFC5}.Release|Any CPU.ActiveCfg = Release|Any CPU
		{1A3A111D-39F1-4912-8972-27834E9EEFC5}.Release|Any CPU.Build.0 = Release|Any CPU
		{1A3A111D-39F1-4912-8972-27834E9EEFC5}.Release|x64.ActiveCfg = Release|Any CPU
		{1A3A111D-39F1-4912-8972-27834E9EEFC5}.Release|x64.Build.0 = Release|Any CPU
		{1A3A111D-39F1-4912-8972-27834E9EEFC5}.Release|x86.ActiveCfg = Release|Any CPU
		{1A3A111D-39F1-4912-8972-27834E9EEFC5}.Release|x86.Build.0 = Release|Any CPU
	EndGlobalSection
EndGlobal
